
Microsoft Visual Studio Solution File, Format Version 12.00
# Visual Studio Version 16
VisualStudioVersion = 16.0.30717.126
MinimumVisualStudioVersion = 10.0.40219.1
Project("{9A19103F-16F7-4668-BE54-9A1E7A4F7556}") = "SysPlan", "SysPlan\SysPlan.csproj", "{F606E9DF-AB97-4338-A403-D90993DA7BD9}"
EndProject
Global
	GlobalSection(SolutionConfigurationPlatforms) = preSolution
		Debug|Any CPU = Debug|Any CPU
		Release|Any CPU = Release|Any CPU
	EndGlobalSection
	GlobalSection(ProjectConfigurationPlatforms) = postSolution
		{F606E9DF-AB97-4338-A403-D90993DA7BD9}.Debug|Any CPU.ActiveCfg = Debug|Any CPU
		{F606E9DF-AB97-4338-A403-D90993DA7BD9}.Debug|Any CPU.Build.0 = Debug|Any CPU
		{F606E9DF-AB97-4338-A403-D90993DA7BD9}.Release|Any CPU.ActiveCfg = Release|Any CPU
		{F606E9DF-AB97-4338-A403-D90993DA7BD9}.Release|Any CPU.Build.0 = Release|Any CPU
	EndGlobalSection
	GlobalSection(SolutionProperties) = preSolution
		HideSolutionNode = FALSE
	EndGlobalSection
	GlobalSection(ExtensibilityGlobals) = postSolution
		SolutionGuid = {BC8E19FA-02EE-4523-987B-266424250012}
	EndGlobalSection
EndGlobal
